// !$*UTF8*$!
{
	archiveVersion = 1;
	classes = {
	};
	objectVersion = 77;
	objects = {

/* Begin PBXBuildFile section */
		9168B31D2ECE13D300F5E7B8 /* Then in Frameworks */ = {isa = PBXBuildFile; productRef = 9168B31C2ECE13D300F5E7B8 /* Then */; };
		9168B3202ECE13ED00F5E7B8 /* SnapKit in Frameworks */ = {isa = PBXBuildFile; productRef = 9168B31F2ECE13ED00F5E7B8 /* SnapKit */; };
		9168B91A2ED1CB2000F5E7B8 /* Kingfisher in Frameworks */ = {isa = PBXBuildFile; productRef = 9168B9192ED1CB2000F5E7B8 /* Kingfisher */; };
		9168B9202ED1D47600F5E7B8 /* Moya in Frameworks */ = {isa = PBXBuildFile; productRef = 9168B91F2ED1D47600F5E7B8 /* Moya */; };
		9168B9232ED1D48800F5E7B8 /* Alamofire in Frameworks */ = {isa = PBXBuildFile; productRef = 9168B9222ED1D48800F5E7B8 /* Alamofire */; };
		9168BCF32ED4DF1100F5E7B8 /* Lottie in Frameworks */ = {isa = PBXBuildFile; productRef = 9168BCF22ED4DF1100F5E7B8 /* Lottie */; };
/* End PBXBuildFile section */

/* Begin PBXFileReference section */
		9168B2F02ECE10FE00F5E7B8 /* LeafMAP.app */ = {isa = PBXFileReference; explicitFileType = wrapper.application; includeInIndex = 0; path = LeafMAP.app; sourceTree = BUILT_PRODUCTS_DIR; };
/* End PBXFileReference section */

/* Begin PBXFileSystemSynchronizedBuildFileExceptionSet section */
		9168B3022ECE10FF00F5E7B8 /* Exceptions for "LeafMAP" folder in "LeafMAP" target */ = {
			isa = PBXFileSystemSynchronizedBuildFileExceptionSet;
			membershipExceptions = (
				Info.plist,
			);
			target = 9168B2EF2ECE10FE00F5E7B8 /* LeafMAP */;
		};
/* End PBXFileSystemSynchronizedBuildFileExceptionSet section */

/* Begin PBXFileSystemSynchronizedRootGroup section */
		9168B2F22ECE10FE00F5E7B8 /* LeafMAP */ = {
			isa = PBXFileSystemSynchronizedRootGroup;
			exceptions = (
				9168B3022ECE10FF00F5E7B8 /* Exceptions for "LeafMAP" folder in "LeafMAP" target */,
			);
			path = LeafMAP;
			sourceTree = "<group>";
		};
/* End PBXFileSystemSynchronizedRootGroup section */

/* Begin PBXFrameworksBuildPhase section */
		9168B2ED2ECE10FE00F5E7B8 /* Frameworks */ = {
			isa = PBXFrameworksBuildPhase;
			buildActionMask = 2147483647;
			files = (
				9168B9232ED1D48800F5E7B8 /* Alamofire in Frameworks */,
				9168B91A2ED1CB2000F5E7B8 /* Kingfisher in Frameworks */,
				9168B31D2ECE13D300F5E7B8 /* Then in Frameworks */,
				9168B9202ED1D47600F5E7B8 /* Moya in Frameworks */,
				9168B3202ECE13ED00F5E7B8 /* SnapKit in Frameworks */,
				9168BCF32ED4DF1100F5E7B8 /* Lottie in Frameworks */,
			);
			runOnlyForDeploymentPostprocessing = 0;
		};
/* End PBXFrameworksBuildPhase section */

/* Begin PBXGroup section */
		9168B2E72ECE10FE00F5E7B8 = {
			isa = PBXGroup;
			children = (
				9168B2F22ECE10FE00F5E7B8 /* LeafMAP */,
				9168B2F12ECE10FE00F5E7B8 /* Products */,
			);
			sourceTree = "<group>";
		};
		9168B2F12ECE10FE00F5E7B8 /* Products */ = {
			isa = PBXGroup;
			children = (
				9168B2F02ECE10FE00F5E7B8 /* LeafMAP.app */,
			);
			name = Products;
			sourceTree = "<group>";
		};
/* End PBXGroup section */

/* Begin PBXNativeTarget section */
		9168B2EF2ECE10FE00F5E7B8 /* LeafMAP */ = {
			isa = PBXNativeTarget;
			buildConfigurationList = 9168B3032ECE10FF00F5E7B8 /* Build configuration list for PBXNativeTarget "LeafMAP" */;
			buildPhases = (
				9168B2EC2ECE10FE00F5E7B8 /* Sources */,
				9168B2ED2ECE10FE00F5E7B8 /* Frameworks */,
				9168B2EE2ECE10FE00F5E7B8 /* Resources */,
			);
			buildRules = (
			);
			dependencies = (
			);
			fileSystemSynchronizedGroups = (
				9168B2F22ECE10FE00F5E7B8 /* LeafMAP */,
			);
			name = LeafMAP;
			packageProductDependencies = (
				9168B31C2ECE13D300F5E7B8 /* Then */,
				9168B31F2ECE13ED00F5E7B8 /* SnapKit */,
				9168B9192ED1CB2000F5E7B8 /* Kingfisher */,
				9168B91F2ED1D47600F5E7B8 /* Moya */,
				9168B9222ED1D48800F5E7B8 /* Alamofire */,
				9168BCF22ED4DF1100F5E7B8 /* Lottie */,
			);
			productName = LeafMAP;
			productReference = 9168B2F02ECE10FE00F5E7B8 /* LeafMAP.app */;
			productType = "com.apple.product-type.application";
		};
/* End PBXNativeTarget section */

/* Begin PBXProject section */
		9168B2E82ECE10FE00F5E7B8 /* Project object */ = {
			isa = PBXProject;
			attributes = {
				BuildIndependentTargetsInParallel = 1;
				LastSwiftUpdateCheck = 1620;
				LastUpgradeCheck = 1620;
				TargetAttributes = {
					9168B2EF2ECE10FE00F5E7B8 = {
						CreatedOnToolsVersion = 16.2;
					};
				};
			};
			buildConfigurationList = 9168B2EB2ECE10FE00F5E7B8 /* Build configuration list for PBXProject "LeafMAP" */;
			developmentRegion = en;
			hasScannedForEncodings = 0;
			knownRegions = (
				en,
				Base,
			);
			mainGroup = 9168B2E72ECE10FE00F5E7B8;
			minimizedProjectReferenceProxies = 1;
			packageReferences = (
				9168B31B2ECE13D300F5E7B8 /* XCRemoteSwiftPackageReference "Then" */,
				9168B31E2ECE13ED00F5E7B8 /* XCRemoteSwiftPackageReference "SnapKit" */,
				9168B9182ED1CB2000F5E7B8 /* XCRemoteSwiftPackageReference "Kingfisher" */,
				9168B91E2ED1D47600F5E7B8 /* XCRemoteSwiftPackageReference "Moya" */,
				9168B9212ED1D48800F5E7B8 /* XCRemoteSwiftPackageReference "Alamofire" */,
				9168BCF12ED4DF1100F5E7B8 /* XCRemoteSwiftPackageReference "lottie-ios" */,
			);
			preferredProjectObjectVersion = 77;
			productRefGroup = 9168B2F12ECE10FE00F5E7B8 /* Products */;
			projectDirPath = "";
			projectRoot = "";
			targets = (
				9168B2EF2ECE10FE00F5E7B8 /* LeafMAP */,
			);
		};
/* End PBXProject section */

/* Begin PBXResourcesBuildPhase section */
		9168B2EE2ECE10FE00F5E7B8 /* Resources */ = {
			isa = PBXResourcesBuildPhase;
			buildActionMask = 2147483647;
			files = (
			);
			runOnlyForDeploymentPostprocessing = 0;
		};
/* End PBXResourcesBuildPhase section */

/* Begin PBXSourcesBuildPhase section */
		9168B2EC2ECE10FE00F5E7B8 /* Sources */ = {
			isa = PBXSourcesBuildPhase;
			buildActionMask = 2147483647;
			files = (
			);
			runOnlyForDeploymentPostprocessing = 0;
		};
/* End PBXSourcesBuildPhase section */

/* Begin XCBuildConfiguration section */
		9168B3042ECE10FF00F5E7B8 /* Debug */ = {
			isa = XCBuildConfiguration;
			buildSettings = {
				ASSETCATALOG_COMPILER_APPICON_NAME = AppIcon;
				ASSETCATALOG_COMPILER_GLOBAL_ACCENT_COLOR_NAME = AccentColor;
				CODE_SIGN_STYLE = Automatic;
				CURRENT_PROJECT_VERSION = 1;
				DEVELOPMENT_TEAM = 2PPHF9K8UN;
				GENERATE_INFOPLIST_FILE = YES;
				INFOPLIST_FILE = LeafMAP/Info.plist;
				INFOPLIST_KEY_UIApplicationSupportsIndirectInputEvents = YES;
				INFOPLIST_KEY_UILaunchStoryboardName = LaunchScreen;
				INFOPLIST_KEY_UISupportedInterfaceOrientations_iPad = "UIInterfaceOrientationPortrait UIInterfaceOrientationPortraitUpsideDown UIInterfaceOrientationLandscapeLeft UIInterfaceOrientationLandscapeRight";
				INFOPLIST_KEY_UISupportedInterfaceOrientations_iPhone = "UIInterfaceOrientationPortrait UIInterfaceOrientationLandscapeLeft UIInterfaceOrientationLandscapeRight";
				LD_RUNPATH_SEARCH_PATHS = (
					"$(inherited)",
					"@executable_path/Frameworks",
				);
				MARKETING_VERSION = 1.0;
				PRODUCT_BUNDLE_IDENTIFIER = com.hyunmin.LeafMAP;
				PRODUCT_NAME = "$(TARGET_NAME)";
				SWIFT_EMIT_LOC_STRINGS = YES;
				SWIFT_VERSION = 5.0;
				TARGETED_DEVICE_FAMILY = "1,2";
			};
			name = Debug;
		};
		9168B3052ECE10FF00F5E7B8 /* Release */ = {
			isa = XCBuildConfiguration;
			buildSettings = {
				ASSETCATALOG_COMPILER_APPICON_NAME = AppIcon;
				ASSETCATALOG_COMPILER_GLOBAL_ACCENT_COLOR_NAME = AccentColor;
				CODE_SIGN_STYLE = Automatic;
				CURRENT_PROJECT_VERSION = 1;
				DEVELOPMENT_TEAM = 2PPHF9K8UN;
				GENERATE_INFOPLIST_FILE = YES;
				INFOPLIST_FILE = LeafMAP/Info.plist;
				INFOPLIST_KEY_UIApplicationSupportsIndirectInputEvents = YES;
				INFOPLIST_KEY_UILaunchStoryboardName = LaunchScreen;
				INFOPLIST_KEY_UISupportedInterfaceOrientations_iPad = "UIInterfaceOrientationPortrait UIInterfaceOrientationPortraitUpsideDown UIInterfaceOrientationLandscapeLeft UIInterfaceOrientationLandscapeRight";
				INFOPLIST_KEY_UISupportedInterfaceOrientations_iPhone = "UIInterfaceOrientationPortrait UIInterfaceOrientationLandscapeLeft UIInterfaceOrientationLandscapeRight";
				LD_RUNPATH_SEARCH_PATHS = (
					"$(inherited)",
					"@executable_path/Frameworks",
				);
				MARKETING_VERSION = 1.0;
				PRODUCT_BUNDLE_IDENTIFIER = com.hyunmin.LeafMAP;
				PRODUCT_NAME = "$(TARGET_NAME)";
				SWIFT_EMIT_LOC_STRINGS = YES;
				SWIFT_VERSION = 5.0;
				TARGETED_DEVICE_FAMILY = "1,2";
			};
			name = Release;
		};
		9168B3062ECE10FF00F5E7B8 /* Debug */ = {
			isa = XCBuildConfiguration;
			buildSettings = {
				ALWAYS_SEARCH_USER_PATHS = NO;
				ASSETCATALOG_COMPILER_GENERATE_SWIFT_ASSET_SYMBOL_EXTENSIONS = YES;
				CLANG_ANALYZER_NONNULL = YES;
				CLANG_ANALYZER_NUMBER_OBJECT_CONVERSION = YES_AGGRESSIVE;
				CLANG_CXX_LANGUAGE_STANDARD = "gnu++20";
				CLANG_ENABLE_MODULES = YES;
				CLANG_ENABLE_OBJC_ARC = YES;
				CLANG_ENABLE_OBJC_WEAK = YES;
				CLANG_WARN_BLOCK_CAPTURE_AUTORELEASING = YES;
				CLANG_WARN_BOOL_CONVERSION = YES;
				CLANG_WARN_COMMA = YES;
				CLANG_WARN_CONSTANT_CONVERSION = YES;
				CLANG_WARN_DEPRECATED_OBJC_IMPLEMENTATIONS = YES;
				CLANG_WARN_DIRECT_OBJC_ISA_USAGE = YES_ERROR;
				CLANG_WARN_DOCUMENTATION_COMMENTS = YES;
				CLANG_WARN_EMPTY_BODY = YES;
				CLANG_WARN_ENUM_CONVERSION = YES;
				CLANG_WARN_INFINITE_RECURSION = YES;
				CLANG_WARN_INT_CONVERSION = YES;
				CLANG_WARN_NON_LITERAL_NULL_CONVERSION = YES;
				CLANG_WARN_OBJC_IMPLICIT_RETAIN_SELF = YES;
				CLANG_WARN_OBJC_LITERAL_CONVERSION = YES;
				CLANG_WARN_OBJC_ROOT_CLASS = YES_ERROR;
				CLANG_WARN_QUOTED_INCLUDE_IN_FRAMEWORK_HEADER = YES;
				CLANG_WARN_RANGE_LOOP_ANALYSIS = YES;
				CLANG_WARN_STRICT_PROTOTYPES = YES;
				CLANG_WARN_SUSPICIOUS_MOVE = YES;
				CLANG_WARN_UNGUARDED_AVAILABILITY = YES_AGGRESSIVE;
				CLANG_WARN_UNREACHABLE_CODE = YES;
				CLANG_WARN__DUPLICATE_METHOD_MATCH = YES;
				COPY_PHASE_STRIP = NO;
				DEBUG_INFORMATION_FORMAT = dwarf;
				ENABLE_STRICT_OBJC_MSGSEND = YES;
				ENABLE_TESTABILITY = YES;
				ENABLE_USER_SCRIPT_SANDBOXING = YES;
				GCC_C_LANGUAGE_STANDARD = gnu17;
				GCC_DYNAMIC_NO_PIC = NO;
				GCC_NO_COMMON_BLOCKS = YES;
				GCC_OPTIMIZATION_LEVEL = 0;
				GCC_PREPROCESSOR_DEFINITIONS = (
					"DEBUG=1",
					"$(inherited)",
				);
				GCC_WARN_64_TO_32_BIT_CONVERSION = YES;
				GCC_WARN_ABOUT_RETURN_TYPE = YES_ERROR;
				GCC_WARN_UNDECLARED_SELECTOR = YES;
				GCC_WARN_UNINITIALIZED_AUTOS = YES_AGGRESSIVE;
				GCC_WARN_UNUSED_FUNCTION = YES;
				GCC_WARN_UNUSED_VARIABLE = YES;
				IPHONEOS_DEPLOYMENT_TARGET = 18.2;
				LOCALIZATION_PREFERS_STRING_CATALOGS = YES;
				MTL_ENABLE_DEBUG_INFO = INCLUDE_SOURCE;
				MTL_FAST_MATH = YES;
				ONLY_ACTIVE_ARCH = YES;
				SDKROOT = iphoneos;
				SWIFT_ACTIVE_COMPILATION_CONDITIONS = "DEBUG $(inherited)";
				SWIFT_OPTIMIZATION_LEVEL = "-Onone";
			};
			name = Debug;
		};
		9168B3072ECE10FF00F5E7B8 /* Release */ = {
			isa = XCBuildConfiguration;
			buildSettings = {
				ALWAYS_SEARCH_USER_PATHS = NO;
				ASSETCATALOG_COMPILER_GENERATE_SWIFT_ASSET_SYMBOL_EXTENSIONS = YES;
				CLANG_ANALYZER_NONNULL = YES;
				CLANG_ANALYZER_NUMBER_OBJECT_CONVERSION = YES_AGGRESSIVE;
				CLANG_CXX_LANGUAGE_STANDARD = "gnu++20";
				CLANG_ENABLE_MODULES = YES;
				CLANG_ENABLE_OBJC_ARC = YES;
				CLANG_ENABLE_OBJC_WEAK = YES;
				CLANG_WARN_BLOCK_CAPTURE_AUTORELEASING = YES;
				CLANG_WARN_BOOL_CONVERSION = YES;
				CLANG_WARN_COMMA = YES;
				CLANG_WARN_CONSTANT_CONVERSION = YES;
				CLANG_WARN_DEPRECATED_OBJC_IMPLEMENTATIONS = YES;
				CLANG_WARN_DIRECT_OBJC_ISA_USAGE = YES_ERROR;
				CLANG_WARN_DOCUMENTATION_COMMENTS = YES;
				CLANG_WARN_EMPTY_BODY = YES;
				CLANG_WARN_ENUM_CONVERSION = YES;
				CLANG_WARN_INFINITE_RECURSION = YES;
				CLANG_WARN_INT_CONVERSION = YES;
				CLANG_WARN_NON_LITERAL_NULL_CONVERSION = YES;
				CLANG_WARN_OBJC_IMPLICIT_RETAIN_SELF = YES;
				CLANG_WARN_OBJC_LITERAL_CONVERSION = YES;
				CLANG_WARN_OBJC_ROOT_CLASS = YES_ERROR;
				CLANG_WARN_QUOTED_INCLUDE_IN_FRAMEWORK_HEADER = YES;
				CLANG_WARN_RANGE_LOOP_ANALYSIS = YES;
				CLANG_WARN_STRICT_PROTOTYPES = YES;
				CLANG_WARN_SUSPICIOUS_MOVE = YES;
				CLANG_WARN_UNGUARDED_AVAILABILITY = YES_AGGRESSIVE;
				CLANG_WARN_UNREACHABLE_CODE = YES;
				CLANG_WARN__DUPLICATE_METHOD_MATCH = YES;
				COPY_PHASE_STRIP = NO;
				DEBUG_INFORMATION_FORMAT = "dwarf-with-dsym";
				ENABLE_NS_ASSERTIONS = NO;
				ENABLE_STRICT_OBJC_MSGSEND = YES;
				ENABLE_USER_SCRIPT_SANDBOXING = YES;
				GCC_C_LANGUAGE_STANDARD = gnu17;
				GCC_NO_COMMON_BLOCKS = YES;
				GCC_WARN_64_TO_32_BIT_CONVERSION = YES;
				GCC_WARN_ABOUT_RETURN_TYPE = YES_ERROR;
				GCC_WARN_UNDECLARED_SELECTOR = YES;
				GCC_WARN_UNINITIALIZED_AUTOS = YES_AGGRESSIVE;
				GCC_WARN_UNUSED_FUNCTION = YES;
				GCC_WARN_UNUSED_VARIABLE = YES;
				IPHONEOS_DEPLOYMENT_TARGET = 18.2;
				LOCALIZATION_PREFERS_STRING_CATALOGS = YES;
				MTL_ENABLE_DEBUG_INFO = NO;
				MTL_FAST_MATH = YES;
				SDKROOT = iphoneos;
				SWIFT_COMPILATION_MODE = wholemodule;
				VALIDATE_PRODUCT = YES;
			};
			name = Release;
		};
/* End XCBuildConfiguration section */

/* Begin XCConfigurationList section */
		9168B2EB2ECE10FE00F5E7B8 /* Build configuration list for PBXProject "LeafMAP" */ = {
			isa = XCConfigurationList;
			buildConfigurations = (
				9168B3062ECE10FF00F5E7B8 /* Debug */,
				9168B3072ECE10FF00F5E7B8 /* Release */,
			);
			defaultConfigurationIsVisible = 0;
			defaultConfigurationName = Release;
		};
		9168B3032ECE10FF00F5E7B8 /* Build configuration list for PBXNativeTarget "LeafMAP" */ = {
			isa = XCConfigurationList;
			buildConfigurations = (
				9168B3042ECE10FF00F5E7B8 /* Debug */,
				9168B3052ECE10FF00F5E7B8 /* Release */,
			);
			defaultConfigurationIsVisible = 0;
			defaultConfigurationName = Release;
		};
/* End XCConfigurationList section */

/* Begin XCRemoteSwiftPackageReference section */
		9168B31B2ECE13D300F5E7B8 /* XCRemoteSwiftPackageReference "Then" */ = {
			isa = XCRemoteSwiftPackageReference;
			repositoryURL = "https://github.com/devxoul/Then.git";
			requirement = {
				kind = upToNextMajorVersion;
				minimumVersion = 3.0.0;
			};
		};
		9168B31E2ECE13ED00F5E7B8 /* XCRemoteSwiftPackageReference "SnapKit" */ = {
			isa = XCRemoteSwiftPackageReference;
			repositoryURL = "https://github.com/SnapKit/SnapKit.git";
			requirement = {
				kind = upToNextMajorVersion;
				minimumVersion = 5.7.1;
			};
		};
		9168B9182ED1CB2000F5E7B8 /* XCRemoteSwiftPackageReference "Kingfisher" */ = {
			isa = XCRemoteSwiftPackageReference;
			repositoryURL = "https://github.com/onevcat/Kingfisher";
			requirement = {
				kind = upToNextMajorVersion;
				minimumVersion = 8.6.2;
			};
		};
		9168B91E2ED1D47600F5E7B8 /* XCRemoteSwiftPackageReference "Moya" */ = {
			isa = XCRemoteSwiftPackageReference;
			repositoryURL = "https://github.com/Moya/Moya";
			requirement = {
				kind = upToNextMajorVersion;
				minimumVersion = 15.0.3;
			};
		};
		9168B9212ED1D48800F5E7B8 /* XCRemoteSwiftPackageReference "Alamofire" */ = {
			isa = XCRemoteSwiftPackageReference;
			repositoryURL = "https://github.com/Alamofire/Alamofire";
			requirement = {
				kind = upToNextMajorVersion;
				minimumVersion = 5.10.2;
			};
		};
		9168BCF12ED4DF1100F5E7B8 /* XCRemoteSwiftPackageReference "lottie-ios" */ = {
			isa = XCRemoteSwiftPackageReference;
			repositoryURL = "https://github.com/airbnb/lottie-ios";
			requirement = {
				kind = upToNextMajorVersion;
				minimumVersion = 4.5.2;
			};
		};
/* End XCRemoteSwiftPackageReference section */

/* Begin XCSwiftPackageProductDependency section */
		9168B31C2ECE13D300F5E7B8 /* Then */ = {
			isa = XCSwiftPackageProductDependency;
			package = 9168B31B2ECE13D300F5E7B8 /* XCRemoteSwiftPackageReference "Then" */;
			productName = Then;
		};
		9168B31F2ECE13ED00F5E7B8 /* SnapKit */ = {
			isa = XCSwiftPackageProductDependency;
			package = 9168B31E2ECE13ED00F5E7B8 /* XCRemoteSwiftPackageReference "SnapKit" */;
			productName = SnapKit;
		};
		9168B9192ED1CB2000F5E7B8 /* Kingfisher */ = {
			isa = XCSwiftPackageProductDependency;
			package = 9168B9182ED1CB2000F5E7B8 /* XCRemoteSwiftPackageReference "Kingfisher" */;
			productName = Kingfisher;
		};
		9168B91F2ED1D47600F5E7B8 /* Moya */ = {
			isa = XCSwiftPackageProductDependency;
			package = 9168B91E2ED1D47600F5E7B8 /* XCRemoteSwiftPackageReference "Moya" */;
			productName = Moya;
		};
		9168B9222ED1D48800F5E7B8 /* Alamofire */ = {
			isa = XCSwiftPackageProductDependency;
			package = 9168B9212ED1D48800F5E7B8 /* XCRemoteSwiftPackageReference "Alamofire" */;
			productName = Alamofire;
		};
		9168BCF22ED4DF1100F5E7B8 /* Lottie */ = {
			isa = XCSwiftPackageProductDependency;
			package = 9168BCF12ED4DF1100F5E7B8 /* XCRemoteSwiftPackageReference "lottie-ios" */;
			productName = Lottie;
		};
/* End XCSwiftPackageProductDependency section */
	};
	rootObject = 9168B2E82ECE10FE00F5E7B8 /* Project object */;
}
